// !$*UTF8*$!
{
	archiveVersion = 1;
	classes = {
	};
	objectVersion = 50;
	objects = {

/* Begin PBXBuildFile section */
		5076F3BE26A6DC7E004F5BB6 /* main.swift in Sources */ = {isa = PBXBuildFile; fileRef = 5076F3BD26A6DC7E004F5BB6 /* main.swift */; };
		5076F3C526A6DD4A004F5BB6 /* Game.swift in Sources */ = {isa = PBXBuildFile; fileRef = 5076F3C426A6DD4A004F5BB6 /* Game.swift */; };
		5076F3C726A6DD98004F5BB6 /* Player.swift in Sources */ = {isa = PBXBuildFile; fileRef = 5076F3C626A6DD98004F5BB6 /* Player.swift */; };
		5076F3C926A6DDDC004F5BB6 /* Character.swift in Sources */ = {isa = PBXBuildFile; fileRef = 5076F3C826A6DDDC004F5BB6 /* Character.swift */; };
		5076F3CE26A6DF08004F5BB6 /* Dwarf.swift in Sources */ = {isa = PBXBuildFile; fileRef = 5076F3CD26A6DF08004F5BB6 /* Dwarf.swift */; };
		5076F3D026A6DF1D004F5BB6 /* Colossus.swift in Sources */ = {isa = PBXBuildFile; fileRef = 5076F3CF26A6DF1D004F5BB6 /* Colossus.swift */; };
		5076F3D226A6DF65004F5BB6 /* Warrior.swift in Sources */ = {isa = PBXBuildFile; fileRef = 5076F3D126A6DF65004F5BB6 /* Warrior.swift */; };
		5076F3D426A6DF83004F5BB6 /* Magus.swift in Sources */ = {isa = PBXBuildFile; fileRef = 5076F3D326A6DF83004F5BB6 /* Magus.swift */; };
		5076F3D726A6E0A4004F5BB6 /* Weapon.swift in Sources */ = {isa = PBXBuildFile; fileRef = 5076F3D626A6E0A4004F5BB6 /* Weapon.swift */; };
/* End PBXBuildFile section */

/* Begin PBXCopyFilesBuildPhase section */
		5076F3B826A6DC7E004F5BB6 /* CopyFiles */ = {
			isa = PBXCopyFilesBuildPhase;
			buildActionMask = 2147483647;
			dstPath = /usr/share/man/man1/;
			dstSubfolderSpec = 0;
			files = (
			);
			runOnlyForDeploymentPostprocessing = 1;
		};
/* End PBXCopyFilesBuildPhase section */

/* Begin PBXFileReference section */
		5076F3BA26A6DC7E004F5BB6 /* MyFirstGame */ = {isa = PBXFileReference; explicitFileType = "compiled.mach-o.executable"; includeInIndex = 0; path = MyFirstGame; sourceTree = BUILT_PRODUCTS_DIR; };
		5076F3BD26A6DC7E004F5BB6 /* main.swift */ = {isa = PBXFileReference; lastKnownFileType = sourcecode.swift; path = main.swift; sourceTree = "<group>"; };
		5076F3C426A6DD4A004F5BB6 /* Game.swift */ = {isa = PBXFileReference; lastKnownFileType = sourcecode.swift; path = Game.swift; sourceTree = "<group>"; };
		5076F3C626A6DD98004F5BB6 /* Player.swift */ = {isa = PBXFileReference; lastKnownFileType = sourcecode.swift; path = Player.swift; sourceTree = "<group>"; };
		5076F3C826A6DDDC004F5BB6 /* Character.swift */ = {isa = PBXFileReference; lastKnownFileType = sourcecode.swift; path = Character.swift; sourceTree = "<group>"; };
		5076F3CD26A6DF08004F5BB6 /* Dwarf.swift */ = {isa = PBXFileReference; lastKnownFileType = sourcecode.swift; path = Dwarf.swift; sourceTree = "<group>"; };
		5076F3CF26A6DF1D004F5BB6 /* Colossus.swift */ = {isa = PBXFileReference; lastKnownFileType = sourcecode.swift; path = Colossus.swift; sourceTree = "<group>"; };
		5076F3D126A6DF65004F5BB6 /* Warrior.swift */ = {isa = PBXFileReference; lastKnownFileType = sourcecode.swift; path = Warrior.swift; sourceTree = "<group>"; };
		5076F3D326A6DF83004F5BB6 /* Magus.swift */ = {isa = PBXFileReference; lastKnownFileType = sourcecode.swift; path = Magus.swift; sourceTree = "<group>"; };
		5076F3D626A6E0A4004F5BB6 /* Weapon.swift */ = {isa = PBXFileReference; lastKnownFileType = sourcecode.swift; path = Weapon.swift; sourceTree = "<group>"; };
/* End PBXFileReference section */

/* Begin PBXFrameworksBuildPhase section */
		5076F3B726A6DC7E004F5BB6 /* Frameworks */ = {
			isa = PBXFrameworksBuildPhase;
			buildActionMask = 2147483647;
			files = (
			);
			runOnlyForDeploymentPostprocessing = 0;
		};
/* End PBXFrameworksBuildPhase section */

/* Begin PBXGroup section */
		5076F3B126A6DC7E004F5BB6 = {
			isa = PBXGroup;
			children = (
				5076F3BC26A6DC7E004F5BB6 /* MyFirstGame */,
				5076F3BB26A6DC7E004F5BB6 /* Products */,
			);
			sourceTree = "<group>";
		};
		5076F3BB26A6DC7E004F5BB6 /* Products */ = {
			isa = PBXGroup;
			children = (
				5076F3BA26A6DC7E004F5BB6 /* MyFirstGame */,
			);
			name = Products;
			sourceTree = "<group>";
		};
		5076F3BC26A6DC7E004F5BB6 /* MyFirstGame */ = {
			isa = PBXGroup;
			children = (
				5076F3D526A6E085004F5BB6 /* Weapon */,
				5076F3CC26A6DECF004F5BB6 /* Player */,
				5076F3CB26A6DEA3004F5BB6 /* Character */,
				5076F3CA26A6DE89004F5BB6 /* Game */,
				5076F3BD26A6DC7E004F5BB6 /* main.swift */,
			);
			path = MyFirstGame;
			sourceTree = "<group>";
		};
		5076F3CA26A6DE89004F5BB6 /* Game */ = {
			isa = PBXGroup;
			children = (
				5076F3C426A6DD4A004F5BB6 /* Game.swift */,
			);
			path = Game;
			sourceTree = "<group>";
		};
		5076F3CB26A6DEA3004F5BB6 /* Character */ = {
			isa = PBXGroup;
			children = (
				5076F3C826A6DDDC004F5BB6 /* Character.swift */,
				5076F3CD26A6DF08004F5BB6 /* Dwarf.swift */,
				5076F3CF26A6DF1D004F5BB6 /* Colossus.swift */,
				5076F3D126A6DF65004F5BB6 /* Warrior.swift */,
				5076F3D326A6DF83004F5BB6 /* Magus.swift */,
			);
			path = Character;
			sourceTree = "<group>";
		};
		5076F3CC26A6DECF004F5BB6 /* Player */ = {
			isa = PBXGroup;
			children = (
				5076F3C626A6DD98004F5BB6 /* Player.swift */,
			);
			path = Player;
			sourceTree = "<group>";
		};
		5076F3D526A6E085004F5BB6 /* Weapon */ = {
			isa = PBXGroup;
			children = (
				5076F3D626A6E0A4004F5BB6 /* Weapon.swift */,
			);
			path = Weapon;
			sourceTree = "<group>";
		};
/* End PBXGroup section */

/* Begin PBXNativeTarget section */
		5076F3B926A6DC7E004F5BB6 /* MyFirstGame */ = {
			isa = PBXNativeTarget;
			buildConfigurationList = 5076F3C126A6DC7E004F5BB6 /* Build configuration list for PBXNativeTarget "MyFirstGame" */;
			buildPhases = (
				5076F3B626A6DC7E004F5BB6 /* Sources */,
				5076F3B726A6DC7E004F5BB6 /* Frameworks */,
				5076F3B826A6DC7E004F5BB6 /* CopyFiles */,
			);
			buildRules = (
			);
			dependencies = (
			);
			name = MyFirstGame;
			productName = MyFirstGame;
			productReference = 5076F3BA26A6DC7E004F5BB6 /* MyFirstGame */;
			productType = "com.apple.product-type.tool";
		};
/* End PBXNativeTarget section */

/* Begin PBXProject section */
		5076F3B226A6DC7E004F5BB6 /* Project object */ = {
			isa = PBXProject;
			attributes = {
				LastSwiftUpdateCheck = 1250;
				LastUpgradeCheck = 1250;
				TargetAttributes = {
					5076F3B926A6DC7E004F5BB6 = {
						CreatedOnToolsVersion = 12.5;
					};
				};
			};
			buildConfigurationList = 5076F3B526A6DC7E004F5BB6 /* Build configuration list for PBXProject "MyFirstGame" */;
			compatibilityVersion = "Xcode 9.3";
			developmentRegion = en;
			hasScannedForEncodings = 0;
			knownRegions = (
				en,
				Base,
			);
			mainGroup = 5076F3B126A6DC7E004F5BB6;
			productRefGroup = 5076F3BB26A6DC7E004F5BB6 /* Products */;
			projectDirPath = "";
			projectRoot = "";
			targets = (
				5076F3B926A6DC7E004F5BB6 /* MyFirstGame */,
			);
		};
/* End PBXProject section */

/* Begin PBXSourcesBuildPhase section */
		5076F3B626A6DC7E004F5BB6 /* Sources */ = {
			isa = PBXSourcesBuildPhase;
			buildActionMask = 2147483647;
			files = (
				5076F3D226A6DF65004F5BB6 /* Warrior.swift in Sources */,
				5076F3BE26A6DC7E004F5BB6 /* main.swift in Sources */,
				5076F3C726A6DD98004F5BB6 /* Player.swift in Sources */,
				5076F3D426A6DF83004F5BB6 /* Magus.swift in Sources */,
				5076F3CE26A6DF08004F5BB6 /* Dwarf.swift in Sources */,
				5076F3C526A6DD4A004F5BB6 /* Game.swift in Sources */,
				5076F3D026A6DF1D004F5BB6 /* Colossus.swift in Sources */,
				5076F3C926A6DDDC004F5BB6 /* Character.swift in Sources */,
				5076F3D726A6E0A4004F5BB6 /* Weapon.swift in Sources */,
			);
			runOnlyForDeploymentPostprocessing = 0;
		};
/* End PBXSourcesBuildPhase section */

/* Begin XCBuildConfiguration section */
		5076F3BF26A6DC7E004F5BB6 /* Debug */ = {
			isa = XCBuildConfiguration;
			buildSettings = {
				ALWAYS_SEARCH_USER_PATHS = NO;
				CLANG_ANALYZER_NONNULL = YES;
				CLANG_ANALYZER_NUMBER_OBJECT_CONVERSION = YES_AGGRESSIVE;
				CLANG_CXX_LANGUAGE_STANDARD = "gnu++14";
				CLANG_CXX_LIBRARY = "libc++";
				CLANG_ENABLE_MODULES = YES;
				CLANG_ENABLE_OBJC_ARC = YES;
				CLANG_ENABLE_OBJC_WEAK = YES;
				CLANG_WARN_BLOCK_CAPTURE_AUTORELEASING = YES;
				CLANG_WARN_BOOL_CONVERSION = YES;
				CLANG_WARN_COMMA = YES;
				CLANG_WARN_CONSTANT_CONVERSION = YES;
				CLANG_WARN_DEPRECATED_OBJC_IMPLEMENTATIONS = YES;
				CLANG_WARN_DIRECT_OBJC_ISA_USAGE = YES_ERROR;
				CLANG_WARN_DOCUMENTATION_COMMENTS = YES;
				CLANG_WARN_EMPTY_BODY = YES;
				CLANG_WARN_ENUM_CONVERSION = YES;
				CLANG_WARN_INFINITE_RECURSION = YES;
				CLANG_WARN_INT_CONVERSION = YES;
				CLANG_WARN_NON_LITERAL_NULL_CONVERSION = YES;
				CLANG_WARN_OBJC_IMPLICIT_RETAIN_SELF = YES;
				CLANG_WARN_OBJC_LITERAL_CONVERSION = YES;
				CLANG_WARN_OBJC_ROOT_CLASS = YES_ERROR;
				CLANG_WARN_QUOTED_INCLUDE_IN_FRAMEWORK_HEADER = YES;
				CLANG_WARN_RANGE_LOOP_ANALYSIS = YES;
				CLANG_WARN_STRICT_PROTOTYPES = YES;
				CLANG_WARN_SUSPICIOUS_MOVE = YES;
				CLANG_WARN_UNGUARDED_AVAILABILITY = YES_AGGRESSIVE;
				CLANG_WARN_UNREACHABLE_CODE = YES;
				CLANG_WARN__DUPLICATE_METHOD_MATCH = YES;
				COPY_PHASE_STRIP = NO;
				DEBUG_INFORMATION_FORMAT = dwarf;
				ENABLE_STRICT_OBJC_MSGSEND = YES;
				ENABLE_TESTABILITY = YES;
				GCC_C_LANGUAGE_STANDARD = gnu11;
				GCC_DYNAMIC_NO_PIC = NO;
				GCC_NO_COMMON_BLOCKS = YES;
				GCC_OPTIMIZATION_LEVEL = 0;
				GCC_PREPROCESSOR_DEFINITIONS = (
					"DEBUG=1",
					"$(inherited)",
				);
				GCC_WARN_64_TO_32_BIT_CONVERSION = YES;
				GCC_WARN_ABOUT_RETURN_TYPE = YES_ERROR;
				GCC_WARN_UNDECLARED_SELECTOR = YES;
				GCC_WARN_UNINITIALIZED_AUTOS = YES_AGGRESSIVE;
				GCC_WARN_UNUSED_FUNCTION = YES;
				GCC_WARN_UNUSED_VARIABLE = YES;
				MACOSX_DEPLOYMENT_TARGET = 11.3;
				MTL_ENABLE_DEBUG_INFO = INCLUDE_SOURCE;
				MTL_FAST_MATH = YES;
				ONLY_ACTIVE_ARCH = YES;
				SDKROOT = macosx;
				SWIFT_ACTIVE_COMPILATION_CONDITIONS = DEBUG;
				SWIFT_OPTIMIZATION_LEVEL = "-Onone";
			};
			name = Debug;
		};
		5076F3C026A6DC7E004F5BB6 /* Release */ = {
			isa = XCBuildConfiguration;
			buildSettings = {
				ALWAYS_SEARCH_USER_PATHS = NO;
				CLANG_ANALYZER_NONNULL = YES;
				CLANG_ANALYZER_NUMBER_OBJECT_CONVERSION = YES_AGGRESSIVE;
				CLANG_CXX_LANGUAGE_STANDARD = "gnu++14";
				CLANG_CXX_LIBRARY = "libc++";
				CLANG_ENABLE_MODULES = YES;
				CLANG_ENABLE_OBJC_ARC = YES;
				CLANG_ENABLE_OBJC_WEAK = YES;
				CLANG_WARN_BLOCK_CAPTURE_AUTORELEASING = YES;
				CLANG_WARN_BOOL_CONVERSION = YES;
				CLANG_WARN_COMMA = YES;
				CLANG_WARN_CONSTANT_CONVERSION = YES;
				CLANG_WARN_DEPRECATED_OBJC_IMPLEMENTATIONS = YES;
				CLANG_WARN_DIRECT_OBJC_ISA_USAGE = YES_ERROR;
				CLANG_WARN_DOCUMENTATION_COMMENTS = YES;
				CLANG_WARN_EMPTY_BODY = YES;
				CLANG_WARN_ENUM_CONVERSION = YES;
				CLANG_WARN_INFINITE_RECURSION = YES;
				CLANG_WARN_INT_CONVERSION = YES;
				CLANG_WARN_NON_LITERAL_NULL_CONVERSION = YES;
				CLANG_WARN_OBJC_IMPLICIT_RETAIN_SELF = YES;
				CLANG_WARN_OBJC_LITERAL_CONVERSION = YES;
				CLANG_WARN_OBJC_ROOT_CLASS = YES_ERROR;
				CLANG_WARN_QUOTED_INCLUDE_IN_FRAMEWORK_HEADER = YES;
				CLANG_WARN_RANGE_LOOP_ANALYSIS = YES;
				CLANG_WARN_STRICT_PROTOTYPES = YES;
				CLANG_WARN_SUSPICIOUS_MOVE = YES;
				CLANG_WARN_UNGUARDED_AVAILABILITY = YES_AGGRESSIVE;
				CLANG_WARN_UNREACHABLE_CODE = YES;
				CLANG_WARN__DUPLICATE_METHOD_MATCH = YES;
				COPY_PHASE_STRIP = NO;
				DEBUG_INFORMATION_FORMAT = "dwarf-with-dsym";
				ENABLE_NS_ASSERTIONS = NO;
				ENABLE_STRICT_OBJC_MSGSEND = YES;
				GCC_C_LANGUAGE_STANDARD = gnu11;
				GCC_NO_COMMON_BLOCKS = YES;
				GCC_WARN_64_TO_32_BIT_CONVERSION = YES;
				GCC_WARN_ABOUT_RETURN_TYPE = YES_ERROR;
				GCC_WARN_UNDECLARED_SELECTOR = YES;
				GCC_WARN_UNINITIALIZED_AUTOS = YES_AGGRESSIVE;
				GCC_WARN_UNUSED_FUNCTION = YES;
				GCC_WARN_UNUSED_VARIABLE = YES;
				MACOSX_DEPLOYMENT_TARGET = 11.3;
				MTL_ENABLE_DEBUG_INFO = NO;
				MTL_FAST_MATH = YES;
				SDKROOT = macosx;
				SWIFT_COMPILATION_MODE = wholemodule;
				SWIFT_OPTIMIZATION_LEVEL = "-O";
			};
			name = Release;
		};
		5076F3C226A6DC7E004F5BB6 /* Debug */ = {
			isa = XCBuildConfiguration;
			buildSettings = {
				CODE_SIGN_STYLE = Automatic;
				PRODUCT_NAME = "$(TARGET_NAME)";
				SWIFT_VERSION = 5.0;
			};
			name = Debug;
		};
		5076F3C326A6DC7E004F5BB6 /* Release */ = {
			isa = XCBuildConfiguration;
			buildSettings = {
				CODE_SIGN_STYLE = Automatic;
				PRODUCT_NAME = "$(TARGET_NAME)";
				SWIFT_VERSION = 5.0;
			};
			name = Release;
		};
/* End XCBuildConfiguration section */

/* Begin XCConfigurationList section */
		5076F3B526A6DC7E004F5BB6 /* Build configuration list for PBXProject "MyFirstGame" */ = {
			isa = XCConfigurationList;
			buildConfigurations = (
				5076F3BF26A6DC7E004F5BB6 /* Debug */,
				5076F3C026A6DC7E004F5BB6 /* Release */,
			);
			defaultConfigurationIsVisible = 0;
			defaultConfigurationName = Release;
		};
		5076F3C126A6DC7E004F5BB6 /* Build configuration list for PBXNativeTarget "MyFirstGame" */ = {
			isa = XCConfigurationList;
			buildConfigurations = (
				5076F3C226A6DC7E004F5BB6 /* Debug */,
				5076F3C326A6DC7E004F5BB6 /* Release */,
			);
			defaultConfigurationIsVisible = 0;
			defaultConfigurationName = Release;
		};
/* End XCConfigurationList section */
	};
	rootObject = 5076F3B226A6DC7E004F5BB6 /* Project object */;
}
